
Microsoft Visual Studio Solution File, Format Version 12.00
# Visual Studio 15
VisualStudioVersion = 15.0.26730.16
MinimumVisualStudioVersion = 10.0.40219.1
Project("{FAE04EC0-301F-11D3-BF4B-00C04F79EFBC}") = "WebApplication2", "WebApplication2\WebApplication2.csproj", "{822ADF3E-5AF0-4A0E-B4F6-02AAB7C59696}"
EndProject
Global
	GlobalSection(SolutionConfigurationPlatforms) = preSolution
		Debug|Any CPU = Debug|Any CPU
		Release|Any CPU = Release|Any CPU
	EndGlobalSection
	GlobalSection(ProjectConfigurationPlatforms) = postSolution
		{822ADF3E-5AF0-4A0E-B4F6-02AAB7C59696}.Debug|Any CPU.ActiveCfg = Debug|Any CPU
		{822ADF3E-5AF0-4A0E-B4F6-02AAB7C59696}.Debug|Any CPU.Build.0 = Debug|Any CPU
		{822ADF3E-5AF0-4A0E-B4F6-02AAB7C59696}.Release|Any CPU.ActiveCfg = Release|Any CPU
		{822ADF3E-5AF0-4A0E-B4F6-02AAB7C59696}.Release|Any CPU.Build.0 = Release|Any CPU
	EndGlobalSection
	GlobalSection(SolutionProperties) = preSolution
		HideSolutionNode = FALSE
	EndGlobalSection
	GlobalSection(ExtensibilityGlobals) = postSolution
		SolutionGuid = {5D49E0F4-AA94-433B-ABBE-CC47DE9D3B91}
	EndGlobalSection
EndGlobal
